
Microsoft Visual Studio Solution File, Format Version 12.00
# Visual Studio Version 17
VisualStudioVersion = 17.3.32825.248
MinimumVisualStudioVersion = 10.0.40219.1
Project("{9A19103F-16F7-4668-BE54-9A1E7A4F7556}") = "backend", "backend.csproj", "{5A5D1766-39E7-4EC1-B650-B40E6DE74F3D}"
EndProject
Global
	GlobalSection(SolutionConfigurationPlatforms) = preSolution
		Debug|Any CPU = Debug|Any CPU
		Release|Any CPU = Release|Any CPU
	EndGlobalSection
	GlobalSection(ProjectConfigurationPlatforms) = postSolution
		{5A5D1766-39E7-4EC1-B650-B40E6DE74F3D}.Debug|Any CPU.ActiveCfg = Debug|Any CPU
		{5A5D1766-39E7-4EC1-B650-B40E6DE74F3D}.Debug|Any CPU.Build.0 = Debug|Any CPU
		{5A5D1766-39E7-4EC1-B650-B40E6DE74F3D}.Release|Any CPU.ActiveCfg = Release|Any CPU
		{5A5D1766-39E7-4EC1-B650-B40E6DE74F3D}.Release|Any CPU.Build.0 = Release|Any CPU
	EndGlobalSection
	GlobalSection(SolutionProperties) = preSolution
		HideSolutionNode = FALSE
	EndGlobalSection
	GlobalSection(ExtensibilityGlobals) = postSolution
		SolutionGuid = {908C95B0-61E7-484D-848D-57DD08BDEE55}
	EndGlobalSection
EndGlobal
